
Microsoft Visual Studio Solution File, Format Version 12.00
# Visual Studio Version 17
VisualStudioVersion = 17.12.35506.116 d17.12
MinimumVisualStudioVersion = 10.0.40219.1
Project("{2150E333-8FDC-42A3-9474-1A3956D46DE8}") = "Applications", "Applications", "{3ECB7D67-CFE7-4204-9FF9-0A97D2D6350F}"
EndProject
Project("{2150E333-8FDC-42A3-9474-1A3956D46DE8}") = "Layers", "Layers", "{E2E50818-B736-4F4B-A699-99242916F0C5}"
EndProject
Project("{2150E333-8FDC-42A3-9474-1A3956D46DE8}") = "Console Applications", "Console Applications", "{34C93A2C-6A33-4613-AA06-D49A607C3328}"
EndProject
Project("{2150E333-8FDC-42A3-9474-1A3956D46DE8}") = "Console ControlT", "Console ControlT", "{166FB290-D265-4F85-8113-ABBAA4753C86}"
EndProject
Project("{2150E333-8FDC-42A3-9474-1A3956D46DE8}") = "Application", "Application", "{0A332A04-6A99-46E6-850F-F67193FD098C}"
EndProject
Project("{2150E333-8FDC-42A3-9474-1A3956D46DE8}") = "Domain", "Domain", "{532E3EA7-B01B-4EF0-A518-CAD6CFB53A08}"
EndProject
Project("{2150E333-8FDC-42A3-9474-1A3956D46DE8}") = "Infrastructure", "Infrastructure", "{190D6D03-BA48-4185-9614-FBFFB3D5B504}"
EndProject
Project("{2150E333-8FDC-42A3-9474-1A3956D46DE8}") = "Transversal", "Transversal", "{7CD739BD-14A1-4C36-B499-AD38045CBC87}"
EndProject
Project("{2150E333-8FDC-42A3-9474-1A3956D46DE8}") = "Application ControlT", "Application ControlT", "{26CE84F3-49BE-455C-815D-990C14FB8301}"
EndProject
Project("{2150E333-8FDC-42A3-9474-1A3956D46DE8}") = "Domain ControlT", "Domain ControlT", "{55F27E79-E6AB-45AE-A27A-F795B08C27C9}"
EndProject
Project("{2150E333-8FDC-42A3-9474-1A3956D46DE8}") = "Infrastructure ControlT", "Infrastructure ControlT", "{521C680D-EDC9-4BB6-8B20-CD512760CB67}"
EndProject
Project("{2150E333-8FDC-42A3-9474-1A3956D46DE8}") = "Common", "Common", "{40461A1B-CBDE-46F0-BF15-30AF25021DC2}"
EndProject
Project("{2150E333-8FDC-42A3-9474-1A3956D46DE8}") = "Bussines Application", "Bussines Application", "{1D8B9F19-F640-4E07-95EB-CD4A5817E45C}"
EndProject
Project("{2150E333-8FDC-42A3-9474-1A3956D46DE8}") = "Console Application", "Console Application", "{610AD84C-E640-4BB9-AAFE-994F6B35C6C7}"
EndProject
Project("{FAE04EC0-301F-11D3-BF4B-00C04F79EFBC}") = "RpaControlT", "RpaControlT\RpaControlT.csproj", "{8E451C0C-ACC2-407D-92C7-96C377F1F2BE}"
EndProject
Project("{2150E333-8FDC-42A3-9474-1A3956D46DE8}") = "Bussines Interface", "Bussines Interface", "{205ED83D-C30C-4B17-8F8E-490E8AC8CF14}"
EndProject
Project("{2150E333-8FDC-42A3-9474-1A3956D46DE8}") = "Bussines Implementation", "Bussines Implementation", "{1BE7BD3F-A75A-4626-80A3-75EEA98C7699}"
EndProject
Project("{FAE04EC0-301F-11D3-BF4B-00C04F79EFBC}") = "RpaControlTInterface", "RpaControlTInterface\RpaControlTInterface.csproj", "{7C1FF10C-76D6-4169-9D5F-05F75D6F5D98}"
EndProject
Project("{FAE04EC0-301F-11D3-BF4B-00C04F79EFBC}") = "RpaControlTImplementation", "RpaControlTImplementation\RpaControlTImplementation.csproj", "{4ABF6AF0-280F-4D6A-B919-EF82F632EAAE}"
EndProject
Global
	GlobalSection(SolutionConfigurationPlatforms) = preSolution
		Debug|Any CPU = Debug|Any CPU
		Release|Any CPU = Release|Any CPU
	EndGlobalSection
	GlobalSection(ProjectConfigurationPlatforms) = postSolution
		{8E451C0C-ACC2-407D-92C7-96C377F1F2BE}.Debug|Any CPU.ActiveCfg = Debug|Any CPU
		{8E451C0C-ACC2-407D-92C7-96C377F1F2BE}.Debug|Any CPU.Build.0 = Debug|Any CPU
		{8E451C0C-ACC2-407D-92C7-96C377F1F2BE}.Release|Any CPU.ActiveCfg = Release|Any CPU
		{8E451C0C-ACC2-407D-92C7-96C377F1F2BE}.Release|Any CPU.Build.0 = Release|Any CPU
		{7C1FF10C-76D6-4169-9D5F-05F75D6F5D98}.Debug|Any CPU.ActiveCfg = Debug|Any CPU
		{7C1FF10C-76D6-4169-9D5F-05F75D6F5D98}.Debug|Any CPU.Build.0 = Debug|Any CPU
		{7C1FF10C-76D6-4169-9D5F-05F75D6F5D98}.Release|Any CPU.ActiveCfg = Release|Any CPU
		{7C1FF10C-76D6-4169-9D5F-05F75D6F5D98}.Release|Any CPU.Build.0 = Release|Any CPU
		{4ABF6AF0-280F-4D6A-B919-EF82F632EAAE}.Debug|Any CPU.ActiveCfg = Debug|Any CPU
		{4ABF6AF0-280F-4D6A-B919-EF82F632EAAE}.Debug|Any CPU.Build.0 = Debug|Any CPU
		{4ABF6AF0-280F-4D6A-B919-EF82F632EAAE}.Release|Any CPU.ActiveCfg = Release|Any CPU
		{4ABF6AF0-280F-4D6A-B919-EF82F632EAAE}.Release|Any CPU.Build.0 = Release|Any CPU
	EndGlobalSection
	GlobalSection(SolutionProperties) = preSolution
		HideSolutionNode = FALSE
	EndGlobalSection
	GlobalSection(NestedProjects) = preSolution
		{34C93A2C-6A33-4613-AA06-D49A607C3328} = {3ECB7D67-CFE7-4204-9FF9-0A97D2D6350F}
		{166FB290-D265-4F85-8113-ABBAA4753C86} = {34C93A2C-6A33-4613-AA06-D49A607C3328}
		{0A332A04-6A99-46E6-850F-F67193FD098C} = {E2E50818-B736-4F4B-A699-99242916F0C5}
		{532E3EA7-B01B-4EF0-A518-CAD6CFB53A08} = {E2E50818-B736-4F4B-A699-99242916F0C5}
		{190D6D03-BA48-4185-9614-FBFFB3D5B504} = {E2E50818-B736-4F4B-A699-99242916F0C5}
		{7CD739BD-14A1-4C36-B499-AD38045CBC87} = {E2E50818-B736-4F4B-A699-99242916F0C5}
		{26CE84F3-49BE-455C-815D-990C14FB8301} = {0A332A04-6A99-46E6-850F-F67193FD098C}
		{55F27E79-E6AB-45AE-A27A-F795B08C27C9} = {532E3EA7-B01B-4EF0-A518-CAD6CFB53A08}
		{521C680D-EDC9-4BB6-8B20-CD512760CB67} = {190D6D03-BA48-4185-9614-FBFFB3D5B504}
		{40461A1B-CBDE-46F0-BF15-30AF25021DC2} = {7CD739BD-14A1-4C36-B499-AD38045CBC87}
		{1D8B9F19-F640-4E07-95EB-CD4A5817E45C} = {166FB290-D265-4F85-8113-ABBAA4753C86}
		{610AD84C-E640-4BB9-AAFE-994F6B35C6C7} = {166FB290-D265-4F85-8113-ABBAA4753C86}
		{8E451C0C-ACC2-407D-92C7-96C377F1F2BE} = {610AD84C-E640-4BB9-AAFE-994F6B35C6C7}
		{205ED83D-C30C-4B17-8F8E-490E8AC8CF14} = {1D8B9F19-F640-4E07-95EB-CD4A5817E45C}
		{1BE7BD3F-A75A-4626-80A3-75EEA98C7699} = {1D8B9F19-F640-4E07-95EB-CD4A5817E45C}
		{7C1FF10C-76D6-4169-9D5F-05F75D6F5D98} = {205ED83D-C30C-4B17-8F8E-490E8AC8CF14}
		{4ABF6AF0-280F-4D6A-B919-EF82F632EAAE} = {1BE7BD3F-A75A-4626-80A3-75EEA98C7699}
	EndGlobalSection
EndGlobal
